
Microsoft Visual Studio Solution File, Format Version 12.00
# Visual Studio Version 17
VisualStudioVersion = 17.14.36401.2 d17.14
MinimumVisualStudioVersion = 10.0.40219.1
Project("{FAE04EC0-301F-11D3-BF4B-00C04F79EFBC}") = "RFIDapi1", "RFIDapi1\RFIDapi1.csproj", "{623B845A-DB32-4AC0-AEE4-3553F61ED236}"
EndProject
Global
	GlobalSection(SolutionConfigurationPlatforms) = preSolution
		Debug|Any CPU = Debug|Any CPU
		Release|Any CPU = Release|Any CPU
	EndGlobalSection
	GlobalSection(ProjectConfigurationPlatforms) = postSolution
		{623B845A-DB32-4AC0-AEE4-3553F61ED236}.Debug|Any CPU.ActiveCfg = Debug|Any CPU
		{623B845A-DB32-4AC0-AEE4-3553F61ED236}.Debug|Any CPU.Build.0 = Debug|Any CPU
		{623B845A-DB32-4AC0-AEE4-3553F61ED236}.Release|Any CPU.ActiveCfg = Release|Any CPU
		{623B845A-DB32-4AC0-AEE4-3553F61ED236}.Release|Any CPU.Build.0 = Release|Any CPU
	EndGlobalSection
	GlobalSection(SolutionProperties) = preSolution
		HideSolutionNode = FALSE
	EndGlobalSection
	GlobalSection(ExtensibilityGlobals) = postSolution
		SolutionGuid = {7BDEBB11-0836-43F4-A5E7-D9D424727D0D}
	EndGlobalSection
EndGlobal
